
Microsoft Visual Studio Solution File, Format Version 12.00
Project("{FAE04EC0-301F-11D3-BF4B-00C04F79EFBC}") = "LOSHADY", "LOSHADY\LOSHADY.csproj", "{EEA01B05-6427-447B-AA9D-0E92AA82A2B8}"
EndProject
Global
	GlobalSection(SolutionConfigurationPlatforms) = preSolution
		Debug|Any CPU = Debug|Any CPU
		Release|Any CPU = Release|Any CPU
	EndGlobalSection
	GlobalSection(ProjectConfigurationPlatforms) = postSolution
		{EEA01B05-6427-447B-AA9D-0E92AA82A2B8}.Debug|Any CPU.ActiveCfg = Debug|Any CPU
		{EEA01B05-6427-447B-AA9D-0E92AA82A2B8}.Debug|Any CPU.Build.0 = Debug|Any CPU
		{EEA01B05-6427-447B-AA9D-0E92AA82A2B8}.Release|Any CPU.ActiveCfg = Release|Any CPU
		{EEA01B05-6427-447B-AA9D-0E92AA82A2B8}.Release|Any CPU.Build.0 = Release|Any CPU
	EndGlobalSection
EndGlobal
